
Microsoft Visual Studio Solution File, Format Version 12.00
# Visual Studio 15
VisualStudioVersion = 15.0.27130.2027
MinimumVisualStudioVersion = 10.0.40219.1
Project("{FAE04EC0-301F-11D3-BF4B-00C04F79EFBC}") = "Emprevo.Coding.Test", "src\Emprevo.Coding.Test\Emprevo.Coding.Test.csproj", "{F29C8E76-2615-4F1B-AE5C-B7B36941D9F7}"
EndProject
Project("{FAE04EC0-301F-11D3-BF4B-00C04F79EFBC}") = "Emprevo.Coding.Test.UnitTests", "src\Emprevo.Coding.Test.UnitTests\Emprevo.Coding.Test.UnitTests.csproj", "{0EC35439-A4CE-40E3-A1EB-D57EB4C1B7B9}"
EndProject
Global
	GlobalSection(SolutionConfigurationPlatforms) = preSolution
		Debug|Any CPU = Debug|Any CPU
		Release|Any CPU = Release|Any CPU
	EndGlobalSection
	GlobalSection(ProjectConfigurationPlatforms) = postSolution
		{F29C8E76-2615-4F1B-AE5C-B7B36941D9F7}.Debug|Any CPU.ActiveCfg = Debug|Any CPU
		{F29C8E76-2615-4F1B-AE5C-B7B36941D9F7}.Debug|Any CPU.Build.0 = Debug|Any CPU
		{F29C8E76-2615-4F1B-AE5C-B7B36941D9F7}.Release|Any CPU.ActiveCfg = Release|Any CPU
		{F29C8E76-2615-4F1B-AE5C-B7B36941D9F7}.Release|Any CPU.Build.0 = Release|Any CPU
		{0EC35439-A4CE-40E3-A1EB-D57EB4C1B7B9}.Debug|Any CPU.ActiveCfg = Debug|Any CPU
		{0EC35439-A4CE-40E3-A1EB-D57EB4C1B7B9}.Debug|Any CPU.Build.0 = Debug|Any CPU
		{0EC35439-A4CE-40E3-A1EB-D57EB4C1B7B9}.Release|Any CPU.ActiveCfg = Release|Any CPU
		{0EC35439-A4CE-40E3-A1EB-D57EB4C1B7B9}.Release|Any CPU.Build.0 = Release|Any CPU
	EndGlobalSection
	GlobalSection(SolutionProperties) = preSolution
		HideSolutionNode = FALSE
	EndGlobalSection
	GlobalSection(ExtensibilityGlobals) = postSolution
		SolutionGuid = {810A994C-5914-4C9E-8DC6-6D5A764B0276}
	EndGlobalSection
EndGlobal
